# THIS IS AN AUTOGENERATED FILE. DO NOT EDIT THIS FILE DIRECTLY.
# yarn lockfile v1


"@mikestaub/simple-secrets@2.0.0":
  version "2.0.0"
  resolved "https://registry.yarnpkg.com/@mikestaub/simple-secrets/-/simple-secrets-2.0.0.tgz#ee2498ff17abedb2aa63fae4f90739fb14e9824e"
  dependencies:
    file-encryptor "0.1.1"

file-encryptor@0.1.1:
  version "0.1.1"
  resolved "https://registry.yarnpkg.com/file-encryptor/-/file-encryptor-0.1.1.tgz#506a5aba153cc109943c38fd445506a84557b9fe"
